# This file is autogenerated, do not edit; changes may be undone by the next 'dep ensure'.


[[projects]]
  branch = "master"
  name = "github.com/drael/GOnetstat"
  packages = ["."]
  revision = "a08125f5157d481dd0d0355c021467bd8c84eb6d"

[[projects]]
  branch = "v3"
  name = "gopkg.in/cavaliercoder/g2z.v3"
  packages = ["."]
  revision = "962d128523aeb7460aed8b079ea5760d394ffec2"

[solve-meta]
  analyzer-name = "dep"
  analyzer-version = 1
  inputs-digest = "203cec395f377ff802b5b7c0c8a0e78e8adb5a58aff017ab37bf95aeb8717eb0"
  solver-name = "gps-cdcl"
  solver-version = 1
