# This file is autogenerated, do not edit; changes may be undone by the next 'dep ensure'.


[[projects]]
  name = "github.com/aws/aws-sdk-go"
  packages = ["aws","aws/awserr","aws/awsutil","aws/client","aws/client/metadata","aws/corehandlers","aws/credentials","aws/credentials/ec2rolecreds","aws/credentials/endpointcreds","aws/credentials/stscreds","aws/defaults","aws/ec2metadata","aws/endpoints","aws/request","aws/session","aws/signer/v4","internal/shareddefaults","private/protocol","private/protocol/query","private/protocol/query/queryutil","private/protocol/rest","private/protocol/xml/xmlutil","service/sts"]
  revision = "49cd7b4cfcfcae1eb815db0a9139f07340bf49c8"
  version = "v1.10.42"

[[projects]]
  branch = "master"
  name = "github.com/drael/GOnetstat"
  packages = ["."]
  revision = "a08125f5157d481dd0d0355c021467bd8c84eb6d"

[[projects]]
  name = "github.com/go-ini/ini"
  packages = ["."]
  revision = "20b96f641a5ea98f2f8619ff4f3e061cff4833bd"
  version = "v1.28.2"

[[projects]]
  name = "github.com/jmespath/go-jmespath"
  packages = ["."]
  revision = "3433f3ea46d9f8019119e7dd41274e112a2359a9"
  version = "0.2.2"

[[projects]]
  branch = "v3"
  name = "gopkg.in/cavaliercoder/g2z.v3"
  packages = ["."]
  revision = "962d128523aeb7460aed8b079ea5760d394ffec2"

[solve-meta]
  analyzer-name = "dep"
  analyzer-version = 1
  inputs-digest = "cca310054db95675db2e719af7717166d9fc011aaac552828a10dc61318f7ffd"
  solver-name = "gps-cdcl"
  solver-version = 1
